
Microsoft Visual Studio Solution File, Format Version 12.00
# Visual Studio Version 17
VisualStudioVersion = 17.13.35825.156 d17.13
MinimumVisualStudioVersion = 10.0.40219.1
Project("{FAE04EC0-301F-11D3-BF4B-00C04F79EFBC}") = "Project-I", "Project-I\Project-I.csproj", "{6A4691D8-E94B-4395-9D05-6E030CDCF13E}"
EndProject
Global
	GlobalSection(SolutionConfigurationPlatforms) = preSolution
		Debug|Any CPU = Debug|Any CPU
		Release|Any CPU = Release|Any CPU
	EndGlobalSection
	GlobalSection(ProjectConfigurationPlatforms) = postSolution
		{6A4691D8-E94B-4395-9D05-6E030CDCF13E}.Debug|Any CPU.ActiveCfg = Debug|Any CPU
		{6A4691D8-E94B-4395-9D05-6E030CDCF13E}.Debug|Any CPU.Build.0 = Debug|Any CPU
		{6A4691D8-E94B-4395-9D05-6E030CDCF13E}.Release|Any CPU.ActiveCfg = Release|Any CPU
		{6A4691D8-E94B-4395-9D05-6E030CDCF13E}.Release|Any CPU.Build.0 = Release|Any CPU
	EndGlobalSection
	GlobalSection(SolutionProperties) = preSolution
		HideSolutionNode = FALSE
	EndGlobalSection
	GlobalSection(ExtensibilityGlobals) = postSolution
		SolutionGuid = {28F090E2-0CEB-4EEC-AFD9-2368617CAD0C}
	EndGlobalSection
EndGlobal
